{
    "version": 3,
    "terraform_version": "0.11.8",
    "serial": 1,
    "lineage": "cd13e3a1-05a4-13db-c7c5-21f410819e06",
    "modules": [
        {
            "path": [
                "root"
            ],
            "outputs": {
                "service_endpoint": {
                    "sensitive": false,
                    "type": "list",
                    "value": [
                        {
                            "hostname": "",
                            "ip": "104.198.170.206"
                        }
                    ]
                }
            },
            "resources": {
                "google_compute_disk.postgres": {
                    "type": "google_compute_disk",
                    "depends_on": [],
                    "primary": {
                        "id": "postgres-disk",
                        "attributes": {
                            "creation_timestamp": "2018-08-24T01:13:14.683-07:00",
                            "description": "",
                            "disk_encryption_key.#": "0",
                            "id": "postgres-disk",
                            "image": "",
                            "label_fingerprint": "42WmSpB8rSM=",
                            "labels.%": "0",
                            "last_attach_timestamp": "",
                            "last_detach_timestamp": "",
                            "name": "postgres-disk",
                            "project": "kubernetes-test-214207",
                            "self_link": "https://www.googleapis.com/compute/v1/projects/kubernetes-test-214207/zones/us-central1-a/disks/postgres-disk",
                            "size": "10",
                            "snapshot": "",
                            "source_image_encryption_key.#": "0",
                            "source_image_id": "",
                            "source_snapshot_encryption_key.#": "0",
                            "source_snapshot_id": "",
                            "type": "pd-standard",
                            "users.#": "0",
                            "zone": "us-central1-a"
                        },
                        "meta": {
                            "e2bfb730-ecaa-11e6-8f88-34363bc7c4c0": {
                                "create": 300000000000,
                                "delete": 240000000000,
                                "update": 240000000000
                            }
                        },
                        "tainted": false
                    },
                    "deposed": [],
                    "provider": "provider.google"
                },
                "google_container_cluster.primary": {
                    "type": "google_container_cluster",
                    "depends_on": [
                        "local.k8s_passwd",
                        "local.k8s_username"
                    ],
                    "primary": {
                        "id": "livingdocs",
                        "attributes": {
                            "additional_zones.#": "0",
                            "addons_config.#": "1",
                            "addons_config.0.horizontal_pod_autoscaling.#": "0",
                            "addons_config.0.http_load_balancing.#": "0",
                            "addons_config.0.kubernetes_dashboard.#": "0",
                            "addons_config.0.network_policy_config.#": "1",
                            "addons_config.0.network_policy_config.0.disabled": "true",
                            "cluster_ipv4_cidr": "10.12.0.0/14",
                            "description": "",
                            "enable_binary_authorization": "false",
                            "enable_kubernetes_alpha": "false",
                            "enable_legacy_abac": "false",
                            "endpoint": "35.202.145.101",
                            "id": "livingdocs",
                            "initial_node_count": "1",
                            "instance_group_urls.#": "1",
                            "instance_group_urls.0": "https://www.googleapis.com/compute/v1/projects/kubernetes-test-214207/zones/us-central1-a/instanceGroups/gke-livingdocs-default-pool-46f90999-grp",
                            "ip_allocation_policy.#": "0",
                            "logging_service": "logging.googleapis.com",
                            "maintenance_policy.#": "0",
                            "master_auth.#": "1",
                            "master_auth.0.client_certificate": "LS0tLS1CRUdJTiBDRVJUSUZJQ0FURS0tLS0tCk1JSUMyakNDQWNLZ0F3SUJBZ0lRUDluOXNEeGVEQWNwSWFBOXJjNVFPekFOQmdrcWhraUc5dzBCQVFzRkFEQXYKTVMwd0t3WURWUVFERXlReVpEVTNPVFJpWXkwMVptWm1MVFEwTTJNdFlUZGtZeTA0WmpreU5tWXhPRGxsTWprdwpIaGNOTVRnd09ESTBNRGd4TXpFMFdoY05Nak13T0RJek1EZ3hNekUwV2pBUk1ROHdEUVlEVlFRREV3WmpiR2xsCmJuUXdnZ0VpTUEwR0NTcUdTSWIzRFFFQkFRVUFBNElCRHdBd2dnRUtBb0lCQVFDYnd3a3pFN0xBekEwcHJ0RngKU2FmOHFSaEtmVHVadnYzR3VmeXZmYXc5N3N2WVRQZjYvTXlaWWxWU0ZjME5zMXh0d3B6cGpQa2J3OXhtVG8rUQpYcVErUXJCaGovQkhsMkJxenpFS2YrWDFCYkxnK1pybyszZXdMY25YSVJhUmgxZWpYK3BIaEVkRGRXRmx5aFh5CkswNktuQnpUVjFTaHUvT3RHeGJkVXRGRmxjaVc4UUo2MEljb3Bza3R2U3pMUnlzVVhkNnNhVTRGUC84MTVyTUEKNkxCbkNlQmZoNlZpYkNXTWNGVzBzVXdoTVJuejZRcE4wQWFubENSVFIyK0lsbE9aODFsTjcrZExEczhoVjZpWApwWTRXeXduQnR6b3JqcnBySjZYb1V3Qk1Gc3VuWFFvWTFqL1ZZNlQ3M0lwbC83cnFwVlRKRFlmSUdUTnBPNmIyClBYeGJBZ01CQUFHakVEQU9NQXdHQTFVZEV3RUIvd1FDTUFBd0RRWUpLb1pJaHZjTkFRRUxCUUFEZ2dFQkFGdHEKd01BZERMbjlqVE9pTFVORC91cXNhM0ROVXpBRzVWSm5tVmtJVG42TktxbmpaVjNpang1ZzVNcTg4TjcrTld1QgpFU24xbUF1SURCOEN4OHN1Rys1OHh5ejgwaW9rQ3BHMmJYWDdYaTc2b21qSTJ1aVRTV1c5dThQNDY0dDVXUVh4CmFmcEV4UmhNZWVXRm55Y1Q4YUQ5eHp4U2RNNjBhMlh6aEpVLzNRRE44bVc5NGRxeVJxd0UxWEttSjZodGtWWEwKUWY1ZS9yVHlDaytPMlpCVzFBUFJSK0crNGR2d2hGYi8yemx2TFNwenFUSWcwcTF0N3RaRnBaWDJ5SVhCcUtPcwpKR1ZCSlI1d2dXYjlxT1pSY0lEQ3VIVE1xTEdlVkhPVmZVRlJJSjBlTC9aYXFSRmc5NTdCTHo4WWtsQzQ4Y25UCkVVUzA3S1ZldGNUZkI0UFJkbTg9Ci0tLS0tRU5EIENFUlRJRklDQVRFLS0tLS0K",
                            "master_auth.0.client_certificate_config.#": "0",
                            "master_auth.0.client_key": "LS0tLS1CRUdJTiBSU0EgUFJJVkFURSBLRVktLS0tLQpNSUlFb3dJQkFBS0NBUUVBbThNSk14T3l3TXdOS2E3UmNVbW4vS2tZU24wN21iNzl4cm44cjMyc1BlN0wyRXozCit2ek1tV0pWVWhYTkRiTmNiY0tjNll6NUc4UGNaazZQa0Y2a1BrS3dZWS93UjVkZ2FzOHhDbi9sOVFXeTRQbWEKNlB0M3NDM0oxeUVXa1lkWG8xL3FSNFJIUTNWaFpjb1Y4aXRPaXB3YzAxZFVvYnZ6clJzVzNWTFJSWlhJbHZFQwpldENIS0tiSkxiMHN5MGNyRkYzZXJHbE9CVC8vTmVhekFPaXdad25nWDRlbFltd2xqSEJWdExGTUlURVo4K2tLClRkQUdwNVFrVTBkdmlKWlRtZk5aVGUvblN3N1BJVmVvbDZXT0Zzc0p3YmM2SzQ2NmF5ZWw2Rk1BVEJiTHAxMEsKR05ZLzFXT2srOXlLWmYrNjZxVlV5UTJIeUJremFUdW05ajE4V3dJREFRQUJBb0lCQUVSWkZWRFYzSEt3TnpocQpyeG5VZGNPdkdXc2FQOHhybStVWFdKTlRCSUVhcDFVUEZTT0x5V1dtMmdTT2IyK0xIRXhIZ040VXozeUkrYzNrCnZDZGYrQmNmNFZDMlBmdlVKMmxHNkdDUWxjSHFFYitabDRtVFNzWkNtVlp1ZlA0MzB0TnNNNXZWSmdZcVhDWXoKd21TRTcwNXdTVS9OZXVRTFd0WkRWRW1pM1JSNGdVWXh2VVlaaGdtNmlDMjNJclZlbmtsQ1kxNkpoeGMxbU1JagpVUDlxUnNoeEt3SUJmNkU0YldObEFORmJ5ekNGb21hRlgwL3dhL1pDZUtFaHZGYm1aRFZCV2tGb3RVTlM1QXJ6CkN1Ynd4SmdsN0FpZEI5U1RhWjU3blZPZjZrZ2xPcTdWNG1idnVWNGZkWGNRYWRJZW9MbEozVGxlSVl0SjA4azgKRVdyaXNRRUNnWUVBMDRlMlBPQmtuSmFjN1BjbWZHQ0FhZTA0M2J5MFhJRTdaTjF2eUc2WDE4WU92Y2lRalROcAowRnZ4Y0JRKy9zUEY2cUMvb0RzTDIrenpRREpPTWNHZndPdnlmcktLS1lnZVVmRGcvdzZwUFp5Q1ByVTd2NHRXCnBjQitGdmRCQW44c3JQMHFmVVdRKzA0SmlQUXoxRnltbnlERGk5ZEhzSXR6dzhCUTZ3Tkx2d0VDZ1lFQXZJSHkKQmxxQW1uYWRmZ0tDVExwTGx0SUd1Z3FSMEp5WVJSNnorNlRCQUVXbGl1YnZ2cUNXN0tacituRGZnZU4xUXp5LwpuWUdsMTlHQjNUWUU2WUZGaUhEcG95bXlWbEw1Q21VSW53V2ZFTG9BSFlzanlTQ2VwZXdEdE5ncEJyY2RCZW1FCldDQjdMaHNhMnZsRkhjSVhuMGY2ZHplaCsvUTZ1aGYwQklPbmwxc0NnWUJKdDFiTCtrczF3c3NuVGE0czFCaU0KVWE1cW45T2ZGUzVVcFZMS1g3Z3M2d25DRzc0OFp2bHVNa3graVorMmV4VmpBZWdsOTgzWE04bEZ5d0l6RnM0TQpsbTFvdCtHc1BaS0xiYzJMTlZuSGJkNTU2Z0RMYk15aWNPWEFMU1NMc1RRcGlRU2dxWGl3QzI4Sk9rbEJyWlFuCmlteDdOR2Y0WDNEVmZCVDNBYXdKQVFLQmdFb1dGQ1hWR2VnYktDaW5HY2pJQ3Y4NmlqUkNCUzdrN0o5MXdxenIKQW9OMTIrcnNlbHNFU0d5M3Q0WlZLREtuVDZYZVVUeTVBSklDb0RSdGo1NnFGTWJjQWFjRHN6aGtJY2FwRUt0WApEVDRJckJUd1kxOGZ0OXBrR016Umk4WTgzMlk4Y2F3bEQrUjkrSjhKQ3RYNE8wcDVnb0dxVnJwc01VeUVMMzQ2CnMvb3pBb0dCQUl6SFlUaThnMW0wNVhnaXNFVk1PTnZ0SkFoTlhEMGl6K3NCR1lySjVoL1VLdzhhc3ZadnhERGUKU3B5cVkxT0V3bEZ4Ry93bGcwZU0xZjFYMWs2MDdBRmRZSXlMU1R3WDljNG1iY0VrQkt2Y29ZNTR3TUloblNLVAo3Qml5Qk54c1VhZUR6QU5IZERSV1ZiK1REVE0zemdrOTdRNURQZW8rZ3dYNWJXR2kxOXFpCi0tLS0tRU5EIFJTQSBQUklWQVRFIEtFWS0tLS0tCg==",
                            "master_auth.0.cluster_ca_certificate": "LS0tLS1CRUdJTiBDRVJUSUZJQ0FURS0tLS0tCk1JSURERENDQWZTZ0F3SUJBZ0lSQU92RVYyVlp4RTVVY295eDA0eHdVRFF3RFFZSktvWklodmNOQVFFTEJRQXcKTHpFdE1Dc0dBMVVFQXhNa01tUTFOemswWW1NdE5XWm1aaTAwTkROakxXRTNaR010T0dZNU1qWm1NVGc1WlRJNQpNQjRYRFRFNE1EZ3lOREEzTVRNeE0xb1hEVEl6TURneU16QTRNVE14TTFvd0x6RXRNQ3NHQTFVRUF4TWtNbVExCk56azBZbU10TldabVppMDBORE5qTFdFM1pHTXRPR1k1TWpabU1UZzVaVEk1TUlJQklqQU5CZ2txaGtpRzl3MEIKQVFFRkFBT0NBUThBTUlJQkNnS0NBUUVBa0VvbFMvUWpiam5BRDJ5UXN1U2RkeWxHZ210VzI4TTZIVFNBOFpNSAp3YW9iZk1QeXovTkVjMWVVL1VkdU85eWNJZENpY0VQQncwSE42cGtUT1hOMkpSN1MwOWwvRWpuUS9iYk41M1gyCjl1Vm9UbjF4Ui9qaEZSc2VpUDF1VjRKV3JkOW51eGJ1cFplWmVLamVRd1dLUXUxSjUrSlEvWm1yRUtlRThodU4KK2piVXRhcDBwM3Y1aHQrbUhxb3M2My94VytTTmd1N0FuQUdxb0RjcHNvZnlnckpVSGVWd1hrSXBzWFlKL2JycgpFMW5sTWlSL0NBRElNNzJVRUh3RHljZlF5SVY3NE82K0RnQ0JOTER1ajlTMFJnY01PaHFiRDRqcm95YkZJWnVWCi9TeGxnRlNnUWZHL25VWkRsZ2R6b05yL0VFMXRCWW5wYVhleGRpUW5FODFPa1FJREFRQUJveU13SVRBT0JnTlYKSFE4QkFmOEVCQU1DQWdRd0R3WURWUjBUQVFIL0JBVXdBd0VCL3pBTkJna3Foa2lHOXcwQkFRc0ZBQU9DQVFFQQpKUlZWU2tERUcwdVNYOUNXK2tRS0JpeUpUSVVoVm90UWFPeFZCTHpwVUpsM1lnc0QyWW5aOFc0Y3d1c1RONjI5ClhoVHpSR3hPYVRteC9PWTFQYURQaFNOeWpwRy9hQi9pYXVIOXl0RUdxTG8weUkrZVhGcWFBdk1sVTlpRWhJV2sKVGNiK1RBZGs0TVRYajRFZHRGZlpyY0JhZXBwZVVkc0RVQUtVamxkWWx2TklSNEo2WmZ1aHpxTWEzV041dXFlTgoxaDJRakorcmJGS1VhOGJ4akRVd1lTOUM2RGtLZXBjZVdCUzFEVDAzZU1NZTdjcnA5V3d5ZTJZcVNQZDBOU2haCm1tUytDRkIvNnFJd0ZyTnFqd1B5Zm1RL0RMbkRSUEI3WWJwRnNxTmJTS1JqYXJiWTRnL3NOa3NCZnY4clNsa0gKSUxkWEhLUTBLWHFiUXBqSG1aWlkxdz09Ci0tLS0tRU5EIENFUlRJRklDQVRFLS0tLS0K",
                            "master_auth.0.password": "ZSb2+2OjQYzzhFiL",
                            "master_auth.0.username": "k8s-admin",
                            "master_authorized_networks_config.#": "0",
                            "master_ipv4_cidr_block": "",
                            "master_version": "1.9.7-gke.5",
                            "monitoring_service": "monitoring.googleapis.com",
                            "name": "livingdocs",
                            "network": "projects/kubernetes-test-214207/global/networks/default",
                            "network_policy.#": "1",
                            "network_policy.0.enabled": "false",
                            "network_policy.0.provider": "PROVIDER_UNSPECIFIED",
                            "node_config.#": "1",
                            "node_config.0.disk_size_gb": "100",
                            "node_config.0.disk_type": "pd-standard",
                            "node_config.0.guest_accelerator.#": "0",
                            "node_config.0.image_type": "COS",
                            "node_config.0.labels.%": "1",
                            "node_config.0.labels.foo": "bar",
                            "node_config.0.local_ssd_count": "0",
                            "node_config.0.machine_type": "n1-standard-1",
                            "node_config.0.metadata.%": "0",
                            "node_config.0.min_cpu_platform": "",
                            "node_config.0.oauth_scopes.#": "4",
                            "node_config.0.oauth_scopes.1277378754": "https://www.googleapis.com/auth/monitoring",
                            "node_config.0.oauth_scopes.1632638332": "https://www.googleapis.com/auth/devstorage.read_only",
                            "node_config.0.oauth_scopes.172152165": "https://www.googleapis.com/auth/logging.write",
                            "node_config.0.oauth_scopes.299962681": "https://www.googleapis.com/auth/compute",
                            "node_config.0.preemptible": "false",
                            "node_config.0.service_account": "default",
                            "node_config.0.tags.#": "2",
                            "node_config.0.tags.0": "foo",
                            "node_config.0.tags.1": "bar",
                            "node_config.0.taint.#": "0",
                            "node_config.0.workload_metadata_config.#": "0",
                            "node_pool.#": "1",
                            "node_pool.0.autoscaling.#": "0",
                            "node_pool.0.initial_node_count": "1",
                            "node_pool.0.instance_group_urls.#": "1",
                            "node_pool.0.instance_group_urls.0": "https://www.googleapis.com/compute/v1/projects/kubernetes-test-214207/zones/us-central1-a/instanceGroupManagers/gke-livingdocs-default-pool-46f90999-grp",
                            "node_pool.0.management.#": "1",
                            "node_pool.0.management.0.auto_repair": "false",
                            "node_pool.0.management.0.auto_upgrade": "false",
                            "node_pool.0.name": "default-pool",
                            "node_pool.0.name_prefix": "",
                            "node_pool.0.node_config.#": "1",
                            "node_pool.0.node_config.0.disk_size_gb": "100",
                            "node_pool.0.node_config.0.disk_type": "pd-standard",
                            "node_pool.0.node_config.0.guest_accelerator.#": "0",
                            "node_pool.0.node_config.0.image_type": "COS",
                            "node_pool.0.node_config.0.labels.%": "1",
                            "node_pool.0.node_config.0.labels.foo": "bar",
                            "node_pool.0.node_config.0.local_ssd_count": "0",
                            "node_pool.0.node_config.0.machine_type": "n1-standard-1",
                            "node_pool.0.node_config.0.metadata.%": "0",
                            "node_pool.0.node_config.0.min_cpu_platform": "",
                            "node_pool.0.node_config.0.oauth_scopes.#": "4",
                            "node_pool.0.node_config.0.oauth_scopes.1277378754": "https://www.googleapis.com/auth/monitoring",
                            "node_pool.0.node_config.0.oauth_scopes.1632638332": "https://www.googleapis.com/auth/devstorage.read_only",
                            "node_pool.0.node_config.0.oauth_scopes.172152165": "https://www.googleapis.com/auth/logging.write",
                            "node_pool.0.node_config.0.oauth_scopes.299962681": "https://www.googleapis.com/auth/compute",
                            "node_pool.0.node_config.0.preemptible": "false",
                            "node_pool.0.node_config.0.service_account": "default",
                            "node_pool.0.node_config.0.tags.#": "2",
                            "node_pool.0.node_config.0.tags.0": "foo",
                            "node_pool.0.node_config.0.tags.1": "bar",
                            "node_pool.0.node_config.0.taint.#": "0",
                            "node_pool.0.node_config.0.workload_metadata_config.#": "0",
                            "node_pool.0.node_count": "1",
                            "node_pool.0.version": "1.9.7-gke.5",
                            "node_version": "1.9.7-gke.5",
                            "pod_security_policy_config.#": "0",
                            "private_cluster": "false",
                            "project": "kubernetes-test-214207",
                            "resource_labels.%": "0",
                            "subnetwork": "projects/kubernetes-test-214207/regions/us-central1/subnetworks/default",
                            "zone": "us-central1-a"
                        },
                        "meta": {
                            "e2bfb730-ecaa-11e6-8f88-34363bc7c4c0": {
                                "create": 1800000000000,
                                "delete": 1800000000000,
                                "update": 600000000000
                            },
                            "schema_version": "1"
                        },
                        "tainted": false
                    },
                    "deposed": [],
                    "provider": "provider.google"
                },
                "kubernetes_pod.example": {
                    "type": "kubernetes_pod",
                    "depends_on": [],
                    "primary": {
                        "id": "default/terraform-pod-example",
                        "attributes": {
                            "id": "default/terraform-pod-example",
                            "metadata.#": "1",
                            "metadata.0.annotations.%": "0",
                            "metadata.0.generate_name": "",
                            "metadata.0.generation": "0",
                            "metadata.0.labels.%": "1",
                            "metadata.0.labels.app": "MyApp",
                            "metadata.0.name": "terraform-pod-example",
                            "metadata.0.namespace": "default",
                            "metadata.0.resource_version": "488",
                            "metadata.0.self_link": "/api/v1/namespaces/default/pods/terraform-pod-example",
                            "metadata.0.uid": "dcb391f0-a775-11e8-808b-42010a8001ef",
                            "spec.#": "1",
                            "spec.0.active_deadline_seconds": "0",
                            "spec.0.container.#": "1",
                            "spec.0.container.0.args.#": "0",
                            "spec.0.container.0.command.#": "0",
                            "spec.0.container.0.env.#": "0",
                            "spec.0.container.0.image": "nginx:1.7.9",
                            "spec.0.container.0.image_pull_policy": "IfNotPresent",
                            "spec.0.container.0.lifecycle.#": "0",
                            "spec.0.container.0.liveness_probe.#": "0",
                            "spec.0.container.0.name": "example",
                            "spec.0.container.0.port.#": "0",
                            "spec.0.container.0.readiness_probe.#": "0",
                            "spec.0.container.0.resources.#": "1",
                            "spec.0.container.0.resources.0.limits.#": "0",
                            "spec.0.container.0.resources.0.requests.#": "1",
                            "spec.0.container.0.resources.0.requests.0.cpu": "100m",
                            "spec.0.container.0.resources.0.requests.0.memory": "",
                            "spec.0.container.0.security_context.#": "0",
                            "spec.0.container.0.stdin": "false",
                            "spec.0.container.0.stdin_once": "false",
                            "spec.0.container.0.termination_message_path": "/dev/termination-log",
                            "spec.0.container.0.tty": "false",
                            "spec.0.container.0.volume_mount.#": "0",
                            "spec.0.container.0.working_dir": "",
                            "spec.0.dns_policy": "ClusterFirst",
                            "spec.0.host_ipc": "false",
                            "spec.0.host_network": "false",
                            "spec.0.host_pid": "false",
                            "spec.0.hostname": "",
                            "spec.0.image_pull_secrets.#": "0",
                            "spec.0.init_container.#": "0",
                            "spec.0.node_name": "gke-livingdocs-default-pool-46f90999-rb27",
                            "spec.0.node_selector.%": "0",
                            "spec.0.restart_policy": "Always",
                            "spec.0.security_context.#": "0",
                            "spec.0.service_account_name": "default",
                            "spec.0.subdomain": "",
                            "spec.0.termination_grace_period_seconds": "30",
                            "spec.0.volume.#": "0"
                        },
                        "meta": {
                            "e2bfb730-ecaa-11e6-8f88-34363bc7c4c0": {
                                "create": 300000000000,
                                "delete": 300000000000
                            }
                        },
                        "tainted": false
                    },
                    "deposed": [],
                    "provider": "provider.kubernetes"
                },
                "kubernetes_service.example": {
                    "type": "kubernetes_service",
                    "depends_on": [
                        "kubernetes_pod.example"
                    ],
                    "primary": {
                        "id": "default/terraform-service-example",
                        "attributes": {
                            "id": "default/terraform-service-example",
                            "load_balancer_ingress.#": "1",
                            "load_balancer_ingress.0.hostname": "",
                            "load_balancer_ingress.0.ip": "104.198.170.206",
                            "metadata.#": "1",
                            "metadata.0.annotations.%": "0",
                            "metadata.0.generate_name": "",
                            "metadata.0.generation": "0",
                            "metadata.0.labels.%": "0",
                            "metadata.0.name": "terraform-service-example",
                            "metadata.0.namespace": "default",
                            "metadata.0.resource_version": "639",
                            "metadata.0.self_link": "/api/v1/namespaces/default/services/terraform-service-example",
                            "metadata.0.uid": "e4df9973-a775-11e8-808b-42010a8001ef",
                            "spec.#": "1",
                            "spec.0.cluster_ip": "10.15.251.37",
                            "spec.0.external_ips.#": "0",
                            "spec.0.external_name": "",
                            "spec.0.load_balancer_ip": "",
                            "spec.0.load_balancer_source_ranges.#": "0",
                            "spec.0.port.#": "1",
                            "spec.0.port.0.name": "",
                            "spec.0.port.0.node_port": "32470",
                            "spec.0.port.0.port": "8080",
                            "spec.0.port.0.protocol": "TCP",
                            "spec.0.port.0.target_port": "80",
                            "spec.0.selector.%": "1",
                            "spec.0.selector.app": "MyApp",
                            "spec.0.session_affinity": "ClientIP",
                            "spec.0.type": "LoadBalancer"
                        },
                        "meta": {},
                        "tainted": false
                    },
                    "deposed": [],
                    "provider": "provider.kubernetes"
                },
                "random_string.password": {
                    "type": "random_string",
                    "depends_on": [],
                    "primary": {
                        "id": "none",
                        "attributes": {
                            "id": "none",
                            "length": "16",
                            "lower": "true",
                            "min_lower": "0",
                            "min_numeric": "0",
                            "min_special": "0",
                            "min_upper": "0",
                            "number": "true",
                            "result": "ZSb2+2OjQYzzhFiL",
                            "special": "true",
                            "upper": "true"
                        },
                        "meta": {
                            "schema_version": "1"
                        },
                        "tainted": false
                    },
                    "deposed": [],
                    "provider": "provider.random"
                }
            },
            "depends_on": []
        }
    ]
}
